
Microsoft Visual Studio Solution File, Format Version 12.00
# Visual Studio Version 17
VisualStudioVersion = 17.2.32516.85
MinimumVisualStudioVersion = 10.0.40219.1
Project("{FAE04EC0-301F-11D3-BF4B-00C04F79EFBC}") = "ZombiU_XPatcherGUI", "ZombiU_XPatcherGUI.csproj", "{C870DF94-124A-48BB-9539-21F8F67EB32F}"
EndProject
Global
	GlobalSection(SolutionConfigurationPlatforms) = preSolution
		Debug|Any CPU = Debug|Any CPU
		Release|Any CPU = Release|Any CPU
	EndGlobalSection
	GlobalSection(ProjectConfigurationPlatforms) = postSolution
		{C870DF94-124A-48BB-9539-21F8F67EB32F}.Debug|Any CPU.ActiveCfg = Debug|Any CPU
		{C870DF94-124A-48BB-9539-21F8F67EB32F}.Debug|Any CPU.Build.0 = Debug|Any CPU
		{C870DF94-124A-48BB-9539-21F8F67EB32F}.Release|Any CPU.ActiveCfg = Release|Any CPU
		{C870DF94-124A-48BB-9539-21F8F67EB32F}.Release|Any CPU.Build.0 = Release|Any CPU
	EndGlobalSection
	GlobalSection(SolutionProperties) = preSolution
		HideSolutionNode = FALSE
	EndGlobalSection
	GlobalSection(ExtensibilityGlobals) = postSolution
		SolutionGuid = {FF18843B-DDD0-4E9E-8DC1-B9375E682A9B}
	EndGlobalSection
EndGlobal
